
Microsoft Visual Studio Solution File, Format Version 12.00
# Visual Studio Version 17
VisualStudioVersion = 17.6.33829.357
MinimumVisualStudioVersion = 10.0.40219.1
Project("{FAE04EC0-301F-11D3-BF4B-00C04F79EFBC}") = "Buoi6", "Buoi6\Buoi6.csproj", "{B5AB6EAC-7B0B-4868-B2F6-AA1FE6C7EF7C}"
EndProject
Global
	GlobalSection(SolutionConfigurationPlatforms) = preSolution
		Debug|Any CPU = Debug|Any CPU
		Release|Any CPU = Release|Any CPU
	EndGlobalSection
	GlobalSection(ProjectConfigurationPlatforms) = postSolution
		{B5AB6EAC-7B0B-4868-B2F6-AA1FE6C7EF7C}.Debug|Any CPU.ActiveCfg = Debug|Any CPU
		{B5AB6EAC-7B0B-4868-B2F6-AA1FE6C7EF7C}.Debug|Any CPU.Build.0 = Debug|Any CPU
		{B5AB6EAC-7B0B-4868-B2F6-AA1FE6C7EF7C}.Release|Any CPU.ActiveCfg = Release|Any CPU
		{B5AB6EAC-7B0B-4868-B2F6-AA1FE6C7EF7C}.Release|Any CPU.Build.0 = Release|Any CPU
	EndGlobalSection
	GlobalSection(SolutionProperties) = preSolution
		HideSolutionNode = FALSE
	EndGlobalSection
	GlobalSection(ExtensibilityGlobals) = postSolution
		SolutionGuid = {BC0278BB-6C6C-4A48-ACA6-A6B97E7BF19B}
	EndGlobalSection
EndGlobal
